
Microsoft Visual Studio Solution File, Format Version 12.00
# Visual Studio Version 17
VisualStudioVersion = 17.12.35707.178
MinimumVisualStudioVersion = 10.0.40219.1
Project("{FAE04EC0-301F-11D3-BF4B-00C04F79EFBC}") = "dometrain_C#_Getting_started", "dometrain_C#_Getting_started\dometrain_C#_Getting_started.csproj", "{B61DF122-4928-4461-B77C-966C9233E5EA}"
EndProject
Project("{FAE04EC0-301F-11D3-BF4B-00C04F79EFBC}") = "contorlflow", "contorlflow\contorlflow.csproj", "{8C31D8A0-29B6-4528-AEF1-0BBE47C78B48}"
EndProject
Project("{FAE04EC0-301F-11D3-BF4B-00C04F79EFBC}") = "Collections", "Collections\Collections.csproj", "{A4DB7ADF-BDA3-4E1E-B03B-25C2B20F5363}"
EndProject
Project("{FAE04EC0-301F-11D3-BF4B-00C04F79EFBC}") = "Loops", "Loops\Loops.csproj", "{32A9FAC2-A44A-4E61-9E30-A3526B3E1F8C}"
EndProject
Global
	GlobalSection(SolutionConfigurationPlatforms) = preSolution
		Debug|Any CPU = Debug|Any CPU
		Release|Any CPU = Release|Any CPU
	EndGlobalSection
	GlobalSection(ProjectConfigurationPlatforms) = postSolution
		{B61DF122-4928-4461-B77C-966C9233E5EA}.Debug|Any CPU.ActiveCfg = Debug|Any CPU
		{B61DF122-4928-4461-B77C-966C9233E5EA}.Debug|Any CPU.Build.0 = Debug|Any CPU
		{B61DF122-4928-4461-B77C-966C9233E5EA}.Release|Any CPU.ActiveCfg = Release|Any CPU
		{B61DF122-4928-4461-B77C-966C9233E5EA}.Release|Any CPU.Build.0 = Release|Any CPU
		{8C31D8A0-29B6-4528-AEF1-0BBE47C78B48}.Debug|Any CPU.ActiveCfg = Debug|Any CPU
		{8C31D8A0-29B6-4528-AEF1-0BBE47C78B48}.Debug|Any CPU.Build.0 = Debug|Any CPU
		{8C31D8A0-29B6-4528-AEF1-0BBE47C78B48}.Release|Any CPU.ActiveCfg = Release|Any CPU
		{8C31D8A0-29B6-4528-AEF1-0BBE47C78B48}.Release|Any CPU.Build.0 = Release|Any CPU
		{A4DB7ADF-BDA3-4E1E-B03B-25C2B20F5363}.Debug|Any CPU.ActiveCfg = Debug|Any CPU
		{A4DB7ADF-BDA3-4E1E-B03B-25C2B20F5363}.Debug|Any CPU.Build.0 = Debug|Any CPU
		{A4DB7ADF-BDA3-4E1E-B03B-25C2B20F5363}.Release|Any CPU.ActiveCfg = Release|Any CPU
		{A4DB7ADF-BDA3-4E1E-B03B-25C2B20F5363}.Release|Any CPU.Build.0 = Release|Any CPU
		{32A9FAC2-A44A-4E61-9E30-A3526B3E1F8C}.Debug|Any CPU.ActiveCfg = Debug|Any CPU
		{32A9FAC2-A44A-4E61-9E30-A3526B3E1F8C}.Debug|Any CPU.Build.0 = Debug|Any CPU
		{32A9FAC2-A44A-4E61-9E30-A3526B3E1F8C}.Release|Any CPU.ActiveCfg = Release|Any CPU
		{32A9FAC2-A44A-4E61-9E30-A3526B3E1F8C}.Release|Any CPU.Build.0 = Release|Any CPU
	EndGlobalSection
	GlobalSection(SolutionProperties) = preSolution
		HideSolutionNode = FALSE
	EndGlobalSection
EndGlobal
